
Microsoft Visual Studio Solution File, Format Version 12.00
# Visual Studio 14
VisualStudioVersion = 14.0.25420.1
MinimumVisualStudioVersion = 10.0.40219.1
Project("{2150E333-8FDC-42A3-9474-1A3956D46DE8}") = "Jurassic.So.GeoTopic", "Jurassic.So.GeoTopic", "{9881D923-56AC-4AE1-B40A-2FEC220CC2F9}"
EndProject
Project("{2150E333-8FDC-42A3-9474-1A3956D46DE8}") = "Jurassic.So.GeoTopic.Modules", "Jurassic.So.GeoTopic.Modules", "{FE9E8EEB-9CD3-4038-9898-1E6968331762}"
EndProject
Project("{2150E333-8FDC-42A3-9474-1A3956D46DE8}") = "Jurassic.So.GeoTopic.Services", "Jurassic.So.GeoTopic.Services", "{F28ACFCA-0A74-4ACB-BADD-8A495A67B9AC}"
EndProject
Project("{2150E333-8FDC-42A3-9474-1A3956D46DE8}") = "Jurassic.So.GeoTopic.Tools", "Jurassic.So.GeoTopic.Tools", "{267695C5-506D-4034-830A-CAD8F3518F92}"
EndProject
Project("{FAE04EC0-301F-11D3-BF4B-00C04F79EFBC}") = "Jurassic.So.GeoTopic.Database", "Jurassic.So.GeoTopic\Jurassic.So.GeoTopic.Database\Jurassic.So.GeoTopic.Database.csproj", "{8279C525-494F-4773-BBFA-86B9C8559393}"
EndProject
Project("{FAE04EC0-301F-11D3-BF4B-00C04F79EFBC}") = "Jurassic.So.GeoTopic.DataService", "Jurassic.So.GeoTopic\Jurassic.So.GeoTopic.DataService\Jurassic.So.GeoTopic.DataService.csproj", "{FB469F08-7289-4F01-80AF-584420522049}"
EndProject
Project("{FAE04EC0-301F-11D3-BF4B-00C04F79EFBC}") = "Jurassic.So.GeoTopic.Web", "Jurassic.So.GeoTopic\Jurassic.So.GeoTopic.Web\Jurassic.So.GeoTopic.Web.csproj", "{98AD9EE4-6FC5-4779-8F97-F823AD64882F}"
EndProject
Project("{2150E333-8FDC-42A3-9474-1A3956D46DE8}") = "iSearch", "iSearch", "{D701F979-FC29-4D5A-8520-CD7B767664E0}"
EndProject
Project("{2150E333-8FDC-42A3-9474-1A3956D46DE8}") = "iIndex", "iIndex", "{C2CF4333-A91C-41D3-A507-C06BA878A4D7}"
EndProject
Project("{2150E333-8FDC-42A3-9474-1A3956D46DE8}") = "iData", "iData", "{1EF25BDA-F04D-4A96-B1E9-EFDE3DA889B1}"
EndProject
Project("{FAE04EC0-301F-11D3-BF4B-00C04F79EFBC}") = "Jurassic.So.Data.Entities", "Jurassic.So.GeoTopic.Modules\iData\Jurassic.So.Data.Entities\Jurassic.So.Data.Entities.csproj", "{92C758EE-29A9-46A1-A7CD-5A6B5F72F4BB}"
EndProject
Project("{FAE04EC0-301F-11D3-BF4B-00C04F79EFBC}") = "Jurassic.So.Data.Mock", "Jurassic.So.GeoTopic.Modules\iData\Jurassic.So.Data.Mock\Jurassic.So.Data.Mock.csproj", "{79BED19B-2241-4177-9882-ADC0B476DE2D}"
EndProject
Project("{2150E333-8FDC-42A3-9474-1A3956D46DE8}") = "iGIS", "iGIS", "{3194A3BA-A57D-4FD6-893D-FBA60B973CA9}"
EndProject
Project("{2150E333-8FDC-42A3-9474-1A3956D46DE8}") = "iObject", "iObject", "{814C8675-C19E-4569-97C7-3753A362CAAF}"
EndProject
Project("{2150E333-8FDC-42A3-9474-1A3956D46DE8}") = "iSemantics", "iSemantics", "{4F932958-DC80-41FA-B504-8BA88B639332}"
EndProject
Project("{FAE04EC0-301F-11D3-BF4B-00C04F79EFBC}") = "GTAPI", "Jurassic.So.GeoTopic.Services\GTAPI\GTAPI.csproj", "{4E335A80-A7A5-494C-91E0-4EA0105B0672}"
EndProject
Project("{2150E333-8FDC-42A3-9474-1A3956D46DE8}") = "Infrastructure", "Infrastructure", "{68176E9A-ECFB-44CA-98A9-9146254B65D6}"
EndProject
Project("{FAE04EC0-301F-11D3-BF4B-00C04F79EFBC}") = "Jurassic.So.Infrastructure", "..\..\..\..\..\01基础库\02源代码\Jurassic.So.Infrastructure\Jurassic.So.Infrastructure\Jurassic.So.Infrastructure.csproj", "{7EEDA4A1-B947-4571-9A75-BDA7F4DC88A8}"
EndProject
Project("{2150E333-8FDC-42A3-9474-1A3956D46DE8}") = "Jurassic.So.UI", "Jurassic.So.UI", "{0CD8F2A2-6284-4021-8D40-F8B865BB91C4}"
EndProject
Project("{FAE04EC0-301F-11D3-BF4B-00C04F79EFBC}") = "Jurassic.So.ETL", "..\..\..\..\..\01基础库\02源代码\Jurassic.So.Infrastructure\Jurassic.So.ETL\Jurassic.So.ETL.csproj", "{3E7319B1-06B5-47F9-9397-7F84A719C987}"
EndProject
Project("{FAE04EC0-301F-11D3-BF4B-00C04F79EFBC}") = "Jurassic.So.Search.ES", "Jurassic.So.GeoTopic.Modules\iSearch\Jurassic.So.ESSearch\Jurassic.So.Search.ES.csproj", "{BEA84B03-B26E-47C1-9B2C-646DF78BE556}"
EndProject
Project("{FAE04EC0-301F-11D3-BF4B-00C04F79EFBC}") = "Jurassic.So.Search.Mongo", "Jurassic.So.GeoTopic.Modules\iSearch\Jurassic.So.MongoSearch\Jurassic.So.Search.Mongo.csproj", "{AB09ABFC-135A-4DD0-BE78-8C479E8FA285}"
EndProject
Project("{FAE04EC0-301F-11D3-BF4B-00C04F79EFBC}") = "Jurassic.So.SearchMock", "Jurassic.So.GeoTopic.Modules\iSearch\Jurassic.So.SearchMock\Jurassic.So.SearchMock.csproj", "{216E17CF-F9C1-4671-B64A-220C5FD269C8}"
EndProject
Project("{2150E333-8FDC-42A3-9474-1A3956D46DE8}") = "Solution Items", "Solution Items", "{F925F7D5-4EAA-42B7-8A77-78DC88A274E5}"
	ProjectSection(SolutionItems) = preProject
		Jurassic.So.GeoTopic.Services\commands.json = Jurassic.So.GeoTopic.Services\commands.json
		commands.json = commands.json
		Jurassic.So.GeoTopic.Services\GlobalAssemblyInfo.cs = Jurassic.So.GeoTopic.Services\GlobalAssemblyInfo.cs
		Jurassic.So.GeoTopic.Services\packages.txt = Jurassic.So.GeoTopic.Services\packages.txt
	EndProjectSection
EndProject
Project("{FAE04EC0-301F-11D3-BF4B-00C04F79EFBC}") = "Jurassic.So.Index.Mongo", "Jurassic.So.GeoTopic.Modules\iIndex\Jurassic.So.MongoIndex\Jurassic.So.Index.Mongo.csproj", "{849074C1-5470-4B25-BC81-D115541B8213}"
EndProject
Project("{FAE04EC0-301F-11D3-BF4B-00C04F79EFBC}") = "Jurassic.So.MongoDB", "Jurassic.So.GeoTopic.DB\Jurassic.So.MongoDB\Jurassic.So.MongoDB.csproj", "{609AF210-9F0E-4C21-B9DE-89936E06015E}"
EndProject
Project("{2150E333-8FDC-42A3-9474-1A3956D46DE8}") = "SpiderTool", "SpiderTool", "{1E9B1DD3-4832-4D09-B711-1861A668520D}"
EndProject
Project("{FAE04EC0-301F-11D3-BF4B-00C04F79EFBC}") = "Jurassic.So.SpiderTool.IService", "Jurassic.So.GeoTopic.Tools\SpiderTool\Jurassic.So.SpiderTool.IService\Jurassic.So.SpiderTool.IService.csproj", "{427DE74A-4B27-4634-84D8-AB834DA941E7}"
EndProject
Project("{FAE04EC0-301F-11D3-BF4B-00C04F79EFBC}") = "Jurassic.So.SpiderTool.Service", "Jurassic.So.GeoTopic.Tools\SpiderTool\Jurassic.So.SpiderTool.Service\Jurassic.So.SpiderTool.Service.csproj", "{3BE3FDE7-2157-4C89-8249-E0202933A51E}"
EndProject
Project("{FAE04EC0-301F-11D3-BF4B-00C04F79EFBC}") = "Jurassic.So.SpiderTool", "Jurassic.So.GeoTopic.Tools\SpiderTool\Jurassic.So.SpiderTool\Jurassic.So.SpiderTool.csproj", "{22A224D7-2D77-4331-A29D-9474F527613A}"
EndProject
Project("{2150E333-8FDC-42A3-9474-1A3956D46DE8}") = "iSubmission", "iSubmission", "{871B8AA2-3E9E-4901-97C1-4F4A7238840B}"
EndProject
Project("{FAE04EC0-301F-11D3-BF4B-00C04F79EFBC}") = "Jurassic.So.Data.Center", "Jurassic.So.GeoTopic.Modules\iData\Jurassic.So.Data\Jurassic.So.Data.Center.csproj", "{C769FA4F-5CCD-4B8B-A102-64F427B5249C}"
EndProject
Project("{2150E333-8FDC-42A3-9474-1A3956D46DE8}") = "Jurassic.PKS.Service", "Jurassic.PKS.Service", "{B0A320CB-4B56-45F4-9544-31A94BFB861C}"
EndProject
Project("{FAE04EC0-301F-11D3-BF4B-00C04F79EFBC}") = "Jurassic.PKS.Service", "..\..\..\..\..\01基础库\02源代码\Jurassic.PKS.Service\Jurassic.PKS.Service\Jurassic.PKS.Service.csproj", "{6AEA408E-86E0-4D57-AEAF-EDB23F124CF8}"
EndProject
Project("{FAE04EC0-301F-11D3-BF4B-00C04F79EFBC}") = "Jurassic.PKS.WebAPI.Models", "..\..\..\..\..\01基础库\02源代码\Jurassic.PKS.Service\Jurassic.PKS.WebAPI\Jurassic.PKS.WebAPI.Models.csproj", "{492BFB88-12AC-4961-A929-F547893DDB7E}"
EndProject
Project("{FAE04EC0-301F-11D3-BF4B-00C04F79EFBC}") = "Jurassic.So.Submission.Mock", "Jurassic.So.GeoTopic.Modules\iSubmission\Jurassic.So.Submission.Mock\Jurassic.So.Submission.Mock.csproj", "{05F09254-7773-43DD-BD7C-01D85F6503E8}"
EndProject
Project("{FAE04EC0-301F-11D3-BF4B-00C04F79EFBC}") = "Jurassic.So.SQLAdapter", "Jurassic.So.GeoTopic.Modules\iData\Jurassic.So.SQLAdapter\Jurassic.So.SQLAdapter.csproj", "{685F3F91-19B8-4708-A0DD-7E52220BBDCE}"
EndProject
Project("{FAE04EC0-301F-11D3-BF4B-00C04F79EFBC}") = "Jurassic.So.GeoTopic.DocumentConverter", "Jurassic.So.GeoTopic\Jurassic.So.GeoTopic.DocumentDisplay\Jurassic.So.GeoTopic.DocumentConverter.csproj", "{F5021907-265D-4BA9-A08A-C97210149AE5}"
EndProject
Project("{FAE04EC0-301F-11D3-BF4B-00C04F79EFBC}") = "Jurassic.So.Semantics.SQL", "Jurassic.So.GeoTopic.Modules\iSemantics\Jurassic.So.Semantics.SQL\Jurassic.So.Semantics.SQL.csproj", "{CB567069-E56B-4405-88D1-B3BE48ADE639}"
EndProject
Project("{FAE04EC0-301F-11D3-BF4B-00C04F79EFBC}") = "Jurassic.So.Semantics.Entities", "Jurassic.So.GeoTopic.Modules\iSemantics\Jurassic.So.Semantics.Entities\Jurassic.So.Semantics.Entities.csproj", "{F2FC5599-ACCD-42DE-82FA-B8FDF188C174}"
EndProject
Project("{FAE04EC0-301F-11D3-BF4B-00C04F79EFBC}") = "Jurassic.So.Index.Mock", "Jurassic.So.GeoTopic.Modules\iIndex\Jurassic.So.Index.Mock\Jurassic.So.Index.Mock.csproj", "{75B1A5D9-F22D-45E1-A13C-D4B0CEEC3704}"
EndProject
Project("{FAE04EC0-301F-11D3-BF4B-00C04F79EFBC}") = "Jurassic.So.SQLAdapter.MockGB", "Jurassic.So.GeoTopic.Modules\iData\Jurassic.So.SQLAdapter.MockGB\Jurassic.So.SQLAdapter.MockGB.csproj", "{2555C6EF-2FCB-4491-8495-885CA817CF19}"
EndProject
Project("{FAE04EC0-301F-11D3-BF4B-00C04F79EFBC}") = "SubmissionTool", "Jurassic.So.GeoTopic.Tools\SubmissionTool\SubmissionTool.csproj", "{4F7E045F-C141-4FF3-A900-429CC80A98C2}"
EndProject
Project("{FAE04EC0-301F-11D3-BF4B-00C04F79EFBC}") = "PanGu", "Jurassic.So.GeoTopic.Modules\iSemantics\PanGu\PanGu.csproj", "{091E1C60-F77B-45A1-844C-86C5F508B57B}"
EndProject
Project("{2150E333-8FDC-42A3-9474-1A3956D46DE8}") = "Jurassic.So.Tests", "Jurassic.So.Tests", "{69E9CB41-485D-4B3A-93F7-7837265AF7A3}"
EndProject
Project("{FAE04EC0-301F-11D3-BF4B-00C04F79EFBC}") = "Jurassic.So.GeoTopic.UI2", "Jurassic.So.GeoTopic.UI2\Jurassic.So.GeoTopic.UI2.csproj", "{84B6E4C1-A27D-4B9C-977A-28D925723A1D}"
EndProject
Project("{FAE04EC0-301F-11D3-BF4B-00C04F79EFBC}") = "Jurassic.So.UI", "..\..\..\..\..\01基础库\02源代码\Jurassic.So.UI\Jurassic.So.UI.csproj", "{DD0AC2B0-8C97-4D05-9301-8A9DEC95C0CC}"
EndProject
Global
	GlobalSection(SolutionConfigurationPlatforms) = preSolution
		Debug|Any CPU = Debug|Any CPU
		Release|Any CPU = Release|Any CPU
	EndGlobalSection
	GlobalSection(ProjectConfigurationPlatforms) = postSolution
		{8279C525-494F-4773-BBFA-86B9C8559393}.Debug|Any CPU.ActiveCfg = Debug|Any CPU
		{8279C525-494F-4773-BBFA-86B9C8559393}.Debug|Any CPU.Build.0 = Debug|Any CPU
		{8279C525-494F-4773-BBFA-86B9C8559393}.Release|Any CPU.ActiveCfg = Release|Any CPU
		{8279C525-494F-4773-BBFA-86B9C8559393}.Release|Any CPU.Build.0 = Release|Any CPU
		{FB469F08-7289-4F01-80AF-584420522049}.Debug|Any CPU.ActiveCfg = Debug|Any CPU
		{FB469F08-7289-4F01-80AF-584420522049}.Debug|Any CPU.Build.0 = Debug|Any CPU
		{FB469F08-7289-4F01-80AF-584420522049}.Release|Any CPU.ActiveCfg = Release|Any CPU
		{FB469F08-7289-4F01-80AF-584420522049}.Release|Any CPU.Build.0 = Release|Any CPU
		{98AD9EE4-6FC5-4779-8F97-F823AD64882F}.Debug|Any CPU.ActiveCfg = Debug|Any CPU
		{98AD9EE4-6FC5-4779-8F97-F823AD64882F}.Debug|Any CPU.Build.0 = Debug|Any CPU
		{98AD9EE4-6FC5-4779-8F97-F823AD64882F}.Release|Any CPU.ActiveCfg = Release|Any CPU
		{98AD9EE4-6FC5-4779-8F97-F823AD64882F}.Release|Any CPU.Build.0 = Release|Any CPU
		{92C758EE-29A9-46A1-A7CD-5A6B5F72F4BB}.Debug|Any CPU.ActiveCfg = Debug|Any CPU
		{92C758EE-29A9-46A1-A7CD-5A6B5F72F4BB}.Debug|Any CPU.Build.0 = Debug|Any CPU
		{92C758EE-29A9-46A1-A7CD-5A6B5F72F4BB}.Release|Any CPU.ActiveCfg = Release|Any CPU
		{92C758EE-29A9-46A1-A7CD-5A6B5F72F4BB}.Release|Any CPU.Build.0 = Release|Any CPU
		{79BED19B-2241-4177-9882-ADC0B476DE2D}.Debug|Any CPU.ActiveCfg = Debug|Any CPU
		{79BED19B-2241-4177-9882-ADC0B476DE2D}.Debug|Any CPU.Build.0 = Debug|Any CPU
		{79BED19B-2241-4177-9882-ADC0B476DE2D}.Release|Any CPU.ActiveCfg = Release|Any CPU
		{79BED19B-2241-4177-9882-ADC0B476DE2D}.Release|Any CPU.Build.0 = Release|Any CPU
		{4E335A80-A7A5-494C-91E0-4EA0105B0672}.Debug|Any CPU.ActiveCfg = Debug|Any CPU
		{4E335A80-A7A5-494C-91E0-4EA0105B0672}.Debug|Any CPU.Build.0 = Debug|Any CPU
		{4E335A80-A7A5-494C-91E0-4EA0105B0672}.Release|Any CPU.ActiveCfg = Release|Any CPU
		{4E335A80-A7A5-494C-91E0-4EA0105B0672}.Release|Any CPU.Build.0 = Release|Any CPU
		{7EEDA4A1-B947-4571-9A75-BDA7F4DC88A8}.Debug|Any CPU.ActiveCfg = Debug|Any CPU
		{7EEDA4A1-B947-4571-9A75-BDA7F4DC88A8}.Debug|Any CPU.Build.0 = Debug|Any CPU
		{7EEDA4A1-B947-4571-9A75-BDA7F4DC88A8}.Release|Any CPU.ActiveCfg = Release|Any CPU
		{7EEDA4A1-B947-4571-9A75-BDA7F4DC88A8}.Release|Any CPU.Build.0 = Release|Any CPU
		{3E7319B1-06B5-47F9-9397-7F84A719C987}.Debug|Any CPU.ActiveCfg = Debug|Any CPU
		{3E7319B1-06B5-47F9-9397-7F84A719C987}.Debug|Any CPU.Build.0 = Debug|Any CPU
		{3E7319B1-06B5-47F9-9397-7F84A719C987}.Release|Any CPU.ActiveCfg = Release|Any CPU
		{3E7319B1-06B5-47F9-9397-7F84A719C987}.Release|Any CPU.Build.0 = Release|Any CPU
		{BEA84B03-B26E-47C1-9B2C-646DF78BE556}.Debug|Any CPU.ActiveCfg = Debug|Any CPU
		{BEA84B03-B26E-47C1-9B2C-646DF78BE556}.Debug|Any CPU.Build.0 = Debug|Any CPU
		{BEA84B03-B26E-47C1-9B2C-646DF78BE556}.Release|Any CPU.ActiveCfg = Release|Any CPU
		{BEA84B03-B26E-47C1-9B2C-646DF78BE556}.Release|Any CPU.Build.0 = Release|Any CPU
		{AB09ABFC-135A-4DD0-BE78-8C479E8FA285}.Debug|Any CPU.ActiveCfg = Debug|Any CPU
		{AB09ABFC-135A-4DD0-BE78-8C479E8FA285}.Debug|Any CPU.Build.0 = Debug|Any CPU
		{AB09ABFC-135A-4DD0-BE78-8C479E8FA285}.Release|Any CPU.ActiveCfg = Release|Any CPU
		{AB09ABFC-135A-4DD0-BE78-8C479E8FA285}.Release|Any CPU.Build.0 = Release|Any CPU
		{216E17CF-F9C1-4671-B64A-220C5FD269C8}.Debug|Any CPU.ActiveCfg = Debug|Any CPU
		{216E17CF-F9C1-4671-B64A-220C5FD269C8}.Debug|Any CPU.Build.0 = Debug|Any CPU
		{216E17CF-F9C1-4671-B64A-220C5FD269C8}.Release|Any CPU.ActiveCfg = Release|Any CPU
		{216E17CF-F9C1-4671-B64A-220C5FD269C8}.Release|Any CPU.Build.0 = Release|Any CPU
		{849074C1-5470-4B25-BC81-D115541B8213}.Debug|Any CPU.ActiveCfg = Debug|Any CPU
		{849074C1-5470-4B25-BC81-D115541B8213}.Debug|Any CPU.Build.0 = Debug|Any CPU
		{849074C1-5470-4B25-BC81-D115541B8213}.Release|Any CPU.ActiveCfg = Release|Any CPU
		{849074C1-5470-4B25-BC81-D115541B8213}.Release|Any CPU.Build.0 = Release|Any CPU
		{609AF210-9F0E-4C21-B9DE-89936E06015E}.Debug|Any CPU.ActiveCfg = Debug|Any CPU
		{609AF210-9F0E-4C21-B9DE-89936E06015E}.Debug|Any CPU.Build.0 = Debug|Any CPU
		{609AF210-9F0E-4C21-B9DE-89936E06015E}.Release|Any CPU.ActiveCfg = Release|Any CPU
		{609AF210-9F0E-4C21-B9DE-89936E06015E}.Release|Any CPU.Build.0 = Release|Any CPU
		{427DE74A-4B27-4634-84D8-AB834DA941E7}.Debug|Any CPU.ActiveCfg = Debug|Any CPU
		{427DE74A-4B27-4634-84D8-AB834DA941E7}.Debug|Any CPU.Build.0 = Debug|Any CPU
		{427DE74A-4B27-4634-84D8-AB834DA941E7}.Release|Any CPU.ActiveCfg = Release|Any CPU
		{427DE74A-4B27-4634-84D8-AB834DA941E7}.Release|Any CPU.Build.0 = Release|Any CPU
		{3BE3FDE7-2157-4C89-8249-E0202933A51E}.Debug|Any CPU.ActiveCfg = Debug|Any CPU
		{3BE3FDE7-2157-4C89-8249-E0202933A51E}.Debug|Any CPU.Build.0 = Debug|Any CPU
		{3BE3FDE7-2157-4C89-8249-E0202933A51E}.Release|Any CPU.ActiveCfg = Release|Any CPU
		{3BE3FDE7-2157-4C89-8249-E0202933A51E}.Release|Any CPU.Build.0 = Release|Any CPU
		{22A224D7-2D77-4331-A29D-9474F527613A}.Debug|Any CPU.ActiveCfg = Debug|Any CPU
		{22A224D7-2D77-4331-A29D-9474F527613A}.Debug|Any CPU.Build.0 = Debug|Any CPU
		{22A224D7-2D77-4331-A29D-9474F527613A}.Release|Any CPU.ActiveCfg = Release|Any CPU
		{22A224D7-2D77-4331-A29D-9474F527613A}.Release|Any CPU.Build.0 = Release|Any CPU
		{C769FA4F-5CCD-4B8B-A102-64F427B5249C}.Debug|Any CPU.ActiveCfg = Debug|Any CPU
		{C769FA4F-5CCD-4B8B-A102-64F427B5249C}.Debug|Any CPU.Build.0 = Debug|Any CPU
		{C769FA4F-5CCD-4B8B-A102-64F427B5249C}.Release|Any CPU.ActiveCfg = Release|Any CPU
		{C769FA4F-5CCD-4B8B-A102-64F427B5249C}.Release|Any CPU.Build.0 = Release|Any CPU
		{6AEA408E-86E0-4D57-AEAF-EDB23F124CF8}.Debug|Any CPU.ActiveCfg = Debug|Any CPU
		{6AEA408E-86E0-4D57-AEAF-EDB23F124CF8}.Debug|Any CPU.Build.0 = Debug|Any CPU
		{6AEA408E-86E0-4D57-AEAF-EDB23F124CF8}.Release|Any CPU.ActiveCfg = Release|Any CPU
		{6AEA408E-86E0-4D57-AEAF-EDB23F124CF8}.Release|Any CPU.Build.0 = Release|Any CPU
		{492BFB88-12AC-4961-A929-F547893DDB7E}.Debug|Any CPU.ActiveCfg = Debug|Any CPU
		{492BFB88-12AC-4961-A929-F547893DDB7E}.Debug|Any CPU.Build.0 = Debug|Any CPU
		{492BFB88-12AC-4961-A929-F547893DDB7E}.Release|Any CPU.ActiveCfg = Release|Any CPU
		{492BFB88-12AC-4961-A929-F547893DDB7E}.Release|Any CPU.Build.0 = Release|Any CPU
		{05F09254-7773-43DD-BD7C-01D85F6503E8}.Debug|Any CPU.ActiveCfg = Debug|Any CPU
		{05F09254-7773-43DD-BD7C-01D85F6503E8}.Debug|Any CPU.Build.0 = Debug|Any CPU
		{05F09254-7773-43DD-BD7C-01D85F6503E8}.Release|Any CPU.ActiveCfg = Release|Any CPU
		{05F09254-7773-43DD-BD7C-01D85F6503E8}.Release|Any CPU.Build.0 = Release|Any CPU
		{685F3F91-19B8-4708-A0DD-7E52220BBDCE}.Debug|Any CPU.ActiveCfg = Debug|Any CPU
		{685F3F91-19B8-4708-A0DD-7E52220BBDCE}.Debug|Any CPU.Build.0 = Debug|Any CPU
		{685F3F91-19B8-4708-A0DD-7E52220BBDCE}.Release|Any CPU.ActiveCfg = Release|Any CPU
		{685F3F91-19B8-4708-A0DD-7E52220BBDCE}.Release|Any CPU.Build.0 = Release|Any CPU
		{F5021907-265D-4BA9-A08A-C97210149AE5}.Debug|Any CPU.ActiveCfg = Debug|Any CPU
		{F5021907-265D-4BA9-A08A-C97210149AE5}.Debug|Any CPU.Build.0 = Debug|Any CPU
		{F5021907-265D-4BA9-A08A-C97210149AE5}.Release|Any CPU.ActiveCfg = Release|Any CPU
		{F5021907-265D-4BA9-A08A-C97210149AE5}.Release|Any CPU.Build.0 = Release|Any CPU
		{CB567069-E56B-4405-88D1-B3BE48ADE639}.Debug|Any CPU.ActiveCfg = Debug|Any CPU
		{CB567069-E56B-4405-88D1-B3BE48ADE639}.Debug|Any CPU.Build.0 = Debug|Any CPU
		{CB567069-E56B-4405-88D1-B3BE48ADE639}.Release|Any CPU.ActiveCfg = Release|Any CPU
		{CB567069-E56B-4405-88D1-B3BE48ADE639}.Release|Any CPU.Build.0 = Release|Any CPU
		{F2FC5599-ACCD-42DE-82FA-B8FDF188C174}.Debug|Any CPU.ActiveCfg = Debug|Any CPU
		{F2FC5599-ACCD-42DE-82FA-B8FDF188C174}.Debug|Any CPU.Build.0 = Debug|Any CPU
		{F2FC5599-ACCD-42DE-82FA-B8FDF188C174}.Release|Any CPU.ActiveCfg = Release|Any CPU
		{F2FC5599-ACCD-42DE-82FA-B8FDF188C174}.Release|Any CPU.Build.0 = Release|Any CPU
		{75B1A5D9-F22D-45E1-A13C-D4B0CEEC3704}.Debug|Any CPU.ActiveCfg = Debug|Any CPU
		{75B1A5D9-F22D-45E1-A13C-D4B0CEEC3704}.Debug|Any CPU.Build.0 = Debug|Any CPU
		{75B1A5D9-F22D-45E1-A13C-D4B0CEEC3704}.Release|Any CPU.ActiveCfg = Release|Any CPU
		{75B1A5D9-F22D-45E1-A13C-D4B0CEEC3704}.Release|Any CPU.Build.0 = Release|Any CPU
		{2555C6EF-2FCB-4491-8495-885CA817CF19}.Debug|Any CPU.ActiveCfg = Debug|Any CPU
		{2555C6EF-2FCB-4491-8495-885CA817CF19}.Debug|Any CPU.Build.0 = Debug|Any CPU
		{2555C6EF-2FCB-4491-8495-885CA817CF19}.Release|Any CPU.ActiveCfg = Release|Any CPU
		{2555C6EF-2FCB-4491-8495-885CA817CF19}.Release|Any CPU.Build.0 = Release|Any CPU
		{4F7E045F-C141-4FF3-A900-429CC80A98C2}.Debug|Any CPU.ActiveCfg = Debug|Any CPU
		{4F7E045F-C141-4FF3-A900-429CC80A98C2}.Debug|Any CPU.Build.0 = Debug|Any CPU
		{4F7E045F-C141-4FF3-A900-429CC80A98C2}.Release|Any CPU.ActiveCfg = Release|Any CPU
		{4F7E045F-C141-4FF3-A900-429CC80A98C2}.Release|Any CPU.Build.0 = Release|Any CPU
		{091E1C60-F77B-45A1-844C-86C5F508B57B}.Debug|Any CPU.ActiveCfg = Debug|Any CPU
		{091E1C60-F77B-45A1-844C-86C5F508B57B}.Debug|Any CPU.Build.0 = Debug|Any CPU
		{091E1C60-F77B-45A1-844C-86C5F508B57B}.Release|Any CPU.ActiveCfg = Release|Any CPU
		{091E1C60-F77B-45A1-844C-86C5F508B57B}.Release|Any CPU.Build.0 = Release|Any CPU
		{84B6E4C1-A27D-4B9C-977A-28D925723A1D}.Debug|Any CPU.ActiveCfg = Debug|Any CPU
		{84B6E4C1-A27D-4B9C-977A-28D925723A1D}.Release|Any CPU.ActiveCfg = Release|Any CPU
		{DD0AC2B0-8C97-4D05-9301-8A9DEC95C0CC}.Debug|Any CPU.ActiveCfg = Debug|Any CPU
		{DD0AC2B0-8C97-4D05-9301-8A9DEC95C0CC}.Release|Any CPU.ActiveCfg = Release|Any CPU
	EndGlobalSection
	GlobalSection(SolutionProperties) = preSolution
		HideSolutionNode = FALSE
	EndGlobalSection
	GlobalSection(NestedProjects) = preSolution
		{8279C525-494F-4773-BBFA-86B9C8559393} = {9881D923-56AC-4AE1-B40A-2FEC220CC2F9}
		{FB469F08-7289-4F01-80AF-584420522049} = {9881D923-56AC-4AE1-B40A-2FEC220CC2F9}
		{98AD9EE4-6FC5-4779-8F97-F823AD64882F} = {9881D923-56AC-4AE1-B40A-2FEC220CC2F9}
		{D701F979-FC29-4D5A-8520-CD7B767664E0} = {FE9E8EEB-9CD3-4038-9898-1E6968331762}
		{C2CF4333-A91C-41D3-A507-C06BA878A4D7} = {FE9E8EEB-9CD3-4038-9898-1E6968331762}
		{1EF25BDA-F04D-4A96-B1E9-EFDE3DA889B1} = {FE9E8EEB-9CD3-4038-9898-1E6968331762}
		{92C758EE-29A9-46A1-A7CD-5A6B5F72F4BB} = {1EF25BDA-F04D-4A96-B1E9-EFDE3DA889B1}
		{79BED19B-2241-4177-9882-ADC0B476DE2D} = {1EF25BDA-F04D-4A96-B1E9-EFDE3DA889B1}
		{3194A3BA-A57D-4FD6-893D-FBA60B973CA9} = {FE9E8EEB-9CD3-4038-9898-1E6968331762}
		{814C8675-C19E-4569-97C7-3753A362CAAF} = {FE9E8EEB-9CD3-4038-9898-1E6968331762}
		{4F932958-DC80-41FA-B504-8BA88B639332} = {FE9E8EEB-9CD3-4038-9898-1E6968331762}
		{4E335A80-A7A5-494C-91E0-4EA0105B0672} = {F28ACFCA-0A74-4ACB-BADD-8A495A67B9AC}
		{7EEDA4A1-B947-4571-9A75-BDA7F4DC88A8} = {68176E9A-ECFB-44CA-98A9-9146254B65D6}
		{3E7319B1-06B5-47F9-9397-7F84A719C987} = {68176E9A-ECFB-44CA-98A9-9146254B65D6}
		{BEA84B03-B26E-47C1-9B2C-646DF78BE556} = {D701F979-FC29-4D5A-8520-CD7B767664E0}
		{AB09ABFC-135A-4DD0-BE78-8C479E8FA285} = {D701F979-FC29-4D5A-8520-CD7B767664E0}
		{216E17CF-F9C1-4671-B64A-220C5FD269C8} = {D701F979-FC29-4D5A-8520-CD7B767664E0}
		{849074C1-5470-4B25-BC81-D115541B8213} = {C2CF4333-A91C-41D3-A507-C06BA878A4D7}
		{609AF210-9F0E-4C21-B9DE-89936E06015E} = {9881D923-56AC-4AE1-B40A-2FEC220CC2F9}
		{1E9B1DD3-4832-4D09-B711-1861A668520D} = {267695C5-506D-4034-830A-CAD8F3518F92}
		{427DE74A-4B27-4634-84D8-AB834DA941E7} = {1E9B1DD3-4832-4D09-B711-1861A668520D}
		{3BE3FDE7-2157-4C89-8249-E0202933A51E} = {1E9B1DD3-4832-4D09-B711-1861A668520D}
		{22A224D7-2D77-4331-A29D-9474F527613A} = {1E9B1DD3-4832-4D09-B711-1861A668520D}
		{871B8AA2-3E9E-4901-97C1-4F4A7238840B} = {FE9E8EEB-9CD3-4038-9898-1E6968331762}
		{C769FA4F-5CCD-4B8B-A102-64F427B5249C} = {1EF25BDA-F04D-4A96-B1E9-EFDE3DA889B1}
		{6AEA408E-86E0-4D57-AEAF-EDB23F124CF8} = {B0A320CB-4B56-45F4-9544-31A94BFB861C}
		{492BFB88-12AC-4961-A929-F547893DDB7E} = {B0A320CB-4B56-45F4-9544-31A94BFB861C}
		{05F09254-7773-43DD-BD7C-01D85F6503E8} = {871B8AA2-3E9E-4901-97C1-4F4A7238840B}
		{685F3F91-19B8-4708-A0DD-7E52220BBDCE} = {1EF25BDA-F04D-4A96-B1E9-EFDE3DA889B1}
		{F5021907-265D-4BA9-A08A-C97210149AE5} = {9881D923-56AC-4AE1-B40A-2FEC220CC2F9}
		{CB567069-E56B-4405-88D1-B3BE48ADE639} = {4F932958-DC80-41FA-B504-8BA88B639332}
		{F2FC5599-ACCD-42DE-82FA-B8FDF188C174} = {4F932958-DC80-41FA-B504-8BA88B639332}
		{75B1A5D9-F22D-45E1-A13C-D4B0CEEC3704} = {C2CF4333-A91C-41D3-A507-C06BA878A4D7}
		{2555C6EF-2FCB-4491-8495-885CA817CF19} = {1EF25BDA-F04D-4A96-B1E9-EFDE3DA889B1}
		{4F7E045F-C141-4FF3-A900-429CC80A98C2} = {267695C5-506D-4034-830A-CAD8F3518F92}
		{091E1C60-F77B-45A1-844C-86C5F508B57B} = {4F932958-DC80-41FA-B504-8BA88B639332}
		{84B6E4C1-A27D-4B9C-977A-28D925723A1D} = {0CD8F2A2-6284-4021-8D40-F8B865BB91C4}
		{DD0AC2B0-8C97-4D05-9301-8A9DEC95C0CC} = {0CD8F2A2-6284-4021-8D40-F8B865BB91C4}
	EndGlobalSection
EndGlobal
