
Microsoft Visual Studio Solution File, Format Version 12.00
# Visual Studio 14
VisualStudioVersion = 14.0.25420.1
MinimumVisualStudioVersion = 10.0.40219.1
Project("{FAE04EC0-301F-11D3-BF4B-00C04F79EFBC}") = "Jurassic.Semantics.Service", "Jurassic.Semantics.Service\Jurassic.Semantics.Service.csproj", "{4DE7A039-4954-4381-9F62-D894F96F1934}"
EndProject
Project("{FAE04EC0-301F-11D3-BF4B-00C04F79EFBC}") = "Jurassic.Semantics.EFProvider", "Jurassic.Semantics.EFProvider\Jurassic.Semantics.EFProvider.csproj", "{9A45A485-9D43-45A6-BFBB-09FB0C0DF379}"
EndProject
Project("{FAE04EC0-301F-11D3-BF4B-00C04F79EFBC}") = "Jurassic.Semantics.IService", "Jurassic.Semantics.IService\Jurassic.Semantics.IService.csproj", "{B6CC1B8F-20CA-420B-8D8C-EC94F71E76BE}"
EndProject
Project("{FAE04EC0-301F-11D3-BF4B-00C04F79EFBC}") = "Jurassic.Semantics.EntityNew", "Jurassic.Semantics.EntityNew\Jurassic.Semantics.EntityNew.csproj", "{42C70C80-71CF-4ED9-9D1F-A836D3D8015B}"
EndProject
Project("{FAE04EC0-301F-11D3-BF4B-00C04F79EFBC}") = "Jurassic.SemanticsManagement", "Jurassic.SemanticsManagement\Jurassic.SemanticsManagement.csproj", "{98AD9EE4-6FC5-4779-8F97-F823AD64882F}"
EndProject
Project("{FAE04EC0-301F-11D3-BF4B-00C04F79EFBC}") = "Jurassic.Sooil.IServiceBase", "Jurassic.Sooil.IServiceBase\Jurassic.Sooil.IServiceBase.csproj", "{73B1A648-2E7B-4DBE-9496-1372E1E58812}"
EndProject
Global
	GlobalSection(SolutionConfigurationPlatforms) = preSolution
		Debug|Any CPU = Debug|Any CPU
		MO|Any CPU = MO|Any CPU
		Release|Any CPU = Release|Any CPU
		Staging|Any CPU = Staging|Any CPU
		Test|Any CPU = Test|Any CPU
	EndGlobalSection
	GlobalSection(ProjectConfigurationPlatforms) = postSolution
		{4DE7A039-4954-4381-9F62-D894F96F1934}.Debug|Any CPU.ActiveCfg = Debug|Any CPU
		{4DE7A039-4954-4381-9F62-D894F96F1934}.Debug|Any CPU.Build.0 = Debug|Any CPU
		{4DE7A039-4954-4381-9F62-D894F96F1934}.MO|Any CPU.ActiveCfg = Release|Any CPU
		{4DE7A039-4954-4381-9F62-D894F96F1934}.MO|Any CPU.Build.0 = Release|Any CPU
		{4DE7A039-4954-4381-9F62-D894F96F1934}.Release|Any CPU.ActiveCfg = Release|Any CPU
		{4DE7A039-4954-4381-9F62-D894F96F1934}.Release|Any CPU.Build.0 = Release|Any CPU
		{4DE7A039-4954-4381-9F62-D894F96F1934}.Staging|Any CPU.ActiveCfg = Release|Any CPU
		{4DE7A039-4954-4381-9F62-D894F96F1934}.Staging|Any CPU.Build.0 = Release|Any CPU
		{4DE7A039-4954-4381-9F62-D894F96F1934}.Test|Any CPU.ActiveCfg = Release|Any CPU
		{4DE7A039-4954-4381-9F62-D894F96F1934}.Test|Any CPU.Build.0 = Release|Any CPU
		{9A45A485-9D43-45A6-BFBB-09FB0C0DF379}.Debug|Any CPU.ActiveCfg = Debug|Any CPU
		{9A45A485-9D43-45A6-BFBB-09FB0C0DF379}.Debug|Any CPU.Build.0 = Debug|Any CPU
		{9A45A485-9D43-45A6-BFBB-09FB0C0DF379}.MO|Any CPU.ActiveCfg = Release|Any CPU
		{9A45A485-9D43-45A6-BFBB-09FB0C0DF379}.MO|Any CPU.Build.0 = Release|Any CPU
		{9A45A485-9D43-45A6-BFBB-09FB0C0DF379}.Release|Any CPU.ActiveCfg = Release|Any CPU
		{9A45A485-9D43-45A6-BFBB-09FB0C0DF379}.Release|Any CPU.Build.0 = Release|Any CPU
		{9A45A485-9D43-45A6-BFBB-09FB0C0DF379}.Staging|Any CPU.ActiveCfg = Release|Any CPU
		{9A45A485-9D43-45A6-BFBB-09FB0C0DF379}.Staging|Any CPU.Build.0 = Release|Any CPU
		{9A45A485-9D43-45A6-BFBB-09FB0C0DF379}.Test|Any CPU.ActiveCfg = Release|Any CPU
		{9A45A485-9D43-45A6-BFBB-09FB0C0DF379}.Test|Any CPU.Build.0 = Release|Any CPU
		{B6CC1B8F-20CA-420B-8D8C-EC94F71E76BE}.Debug|Any CPU.ActiveCfg = Debug|Any CPU
		{B6CC1B8F-20CA-420B-8D8C-EC94F71E76BE}.Debug|Any CPU.Build.0 = Debug|Any CPU
		{B6CC1B8F-20CA-420B-8D8C-EC94F71E76BE}.MO|Any CPU.ActiveCfg = Release|Any CPU
		{B6CC1B8F-20CA-420B-8D8C-EC94F71E76BE}.MO|Any CPU.Build.0 = Release|Any CPU
		{B6CC1B8F-20CA-420B-8D8C-EC94F71E76BE}.Release|Any CPU.ActiveCfg = Release|Any CPU
		{B6CC1B8F-20CA-420B-8D8C-EC94F71E76BE}.Release|Any CPU.Build.0 = Release|Any CPU
		{B6CC1B8F-20CA-420B-8D8C-EC94F71E76BE}.Staging|Any CPU.ActiveCfg = Release|Any CPU
		{B6CC1B8F-20CA-420B-8D8C-EC94F71E76BE}.Staging|Any CPU.Build.0 = Release|Any CPU
		{B6CC1B8F-20CA-420B-8D8C-EC94F71E76BE}.Test|Any CPU.ActiveCfg = Release|Any CPU
		{B6CC1B8F-20CA-420B-8D8C-EC94F71E76BE}.Test|Any CPU.Build.0 = Release|Any CPU
		{42C70C80-71CF-4ED9-9D1F-A836D3D8015B}.Debug|Any CPU.ActiveCfg = Debug|Any CPU
		{42C70C80-71CF-4ED9-9D1F-A836D3D8015B}.Debug|Any CPU.Build.0 = Debug|Any CPU
		{42C70C80-71CF-4ED9-9D1F-A836D3D8015B}.MO|Any CPU.ActiveCfg = Release|Any CPU
		{42C70C80-71CF-4ED9-9D1F-A836D3D8015B}.MO|Any CPU.Build.0 = Release|Any CPU
		{42C70C80-71CF-4ED9-9D1F-A836D3D8015B}.Release|Any CPU.ActiveCfg = Release|Any CPU
		{42C70C80-71CF-4ED9-9D1F-A836D3D8015B}.Release|Any CPU.Build.0 = Release|Any CPU
		{42C70C80-71CF-4ED9-9D1F-A836D3D8015B}.Staging|Any CPU.ActiveCfg = Release|Any CPU
		{42C70C80-71CF-4ED9-9D1F-A836D3D8015B}.Staging|Any CPU.Build.0 = Release|Any CPU
		{42C70C80-71CF-4ED9-9D1F-A836D3D8015B}.Test|Any CPU.ActiveCfg = Release|Any CPU
		{42C70C80-71CF-4ED9-9D1F-A836D3D8015B}.Test|Any CPU.Build.0 = Release|Any CPU
		{98AD9EE4-6FC5-4779-8F97-F823AD64882F}.Debug|Any CPU.ActiveCfg = Debug|Any CPU
		{98AD9EE4-6FC5-4779-8F97-F823AD64882F}.Debug|Any CPU.Build.0 = Debug|Any CPU
		{98AD9EE4-6FC5-4779-8F97-F823AD64882F}.MO|Any CPU.ActiveCfg = Release|Any CPU
		{98AD9EE4-6FC5-4779-8F97-F823AD64882F}.MO|Any CPU.Build.0 = Release|Any CPU
		{98AD9EE4-6FC5-4779-8F97-F823AD64882F}.Release|Any CPU.ActiveCfg = Release|Any CPU
		{98AD9EE4-6FC5-4779-8F97-F823AD64882F}.Release|Any CPU.Build.0 = Release|Any CPU
		{98AD9EE4-6FC5-4779-8F97-F823AD64882F}.Staging|Any CPU.ActiveCfg = Release|Any CPU
		{98AD9EE4-6FC5-4779-8F97-F823AD64882F}.Staging|Any CPU.Build.0 = Release|Any CPU
		{98AD9EE4-6FC5-4779-8F97-F823AD64882F}.Test|Any CPU.ActiveCfg = Release|Any CPU
		{98AD9EE4-6FC5-4779-8F97-F823AD64882F}.Test|Any CPU.Build.0 = Release|Any CPU
		{73B1A648-2E7B-4DBE-9496-1372E1E58812}.Debug|Any CPU.ActiveCfg = Debug|Any CPU
		{73B1A648-2E7B-4DBE-9496-1372E1E58812}.Debug|Any CPU.Build.0 = Debug|Any CPU
		{73B1A648-2E7B-4DBE-9496-1372E1E58812}.MO|Any CPU.ActiveCfg = Release|Any CPU
		{73B1A648-2E7B-4DBE-9496-1372E1E58812}.MO|Any CPU.Build.0 = Release|Any CPU
		{73B1A648-2E7B-4DBE-9496-1372E1E58812}.Release|Any CPU.ActiveCfg = Release|Any CPU
		{73B1A648-2E7B-4DBE-9496-1372E1E58812}.Release|Any CPU.Build.0 = Release|Any CPU
		{73B1A648-2E7B-4DBE-9496-1372E1E58812}.Staging|Any CPU.ActiveCfg = Release|Any CPU
		{73B1A648-2E7B-4DBE-9496-1372E1E58812}.Staging|Any CPU.Build.0 = Release|Any CPU
		{73B1A648-2E7B-4DBE-9496-1372E1E58812}.Test|Any CPU.ActiveCfg = Release|Any CPU
		{73B1A648-2E7B-4DBE-9496-1372E1E58812}.Test|Any CPU.Build.0 = Release|Any CPU
	EndGlobalSection
	GlobalSection(SolutionProperties) = preSolution
		HideSolutionNode = FALSE
	EndGlobalSection
EndGlobal
