
Microsoft Visual Studio Solution File, Format Version 12.00
# Visual Studio 14
VisualStudioVersion = 14.0.25420.1
MinimumVisualStudioVersion = 10.0.40219.1
Project("{2150E333-8FDC-42A3-9474-1A3956D46DE8}") = "01 Infrastructure", "01 Infrastructure", "{BC87F99D-2AA0-478F-A11B-873FB7B84AB7}"
EndProject
Project("{FAE04EC0-301F-11D3-BF4B-00C04F79EFBC}") = "GTAPI", "GTAPI\GTAPI.csproj", "{4E335A80-A7A5-494C-91E0-4EA0105B0672}"
EndProject
Project("{FAE04EC0-301F-11D3-BF4B-00C04F79EFBC}") = "Jurassic.So.Infrastructure", "..\..\..\..\..\..\01基础库\02源代码\Jurassic.So.Infrastructure\Jurassic.So.Infrastructure\Jurassic.So.Infrastructure.csproj", "{7EEDA4A1-B947-4571-9A75-BDA7F4DC88A8}"
EndProject
Project("{2150E333-8FDC-42A3-9474-1A3956D46DE8}") = "04 iData", "04 iData", "{DEA85438-EE7D-4ECB-BBD9-A82279A16828}"
EndProject
Project("{2150E333-8FDC-42A3-9474-1A3956D46DE8}") = "Tests", "Tests", "{53BF2A60-CC6C-4A75-BA8A-8B930591912E}"
EndProject
Project("{2150E333-8FDC-42A3-9474-1A3956D46DE8}") = "07 iSearch", "07 iSearch", "{EFE4E8EB-6BA6-4147-A9CB-A5931E909600}"
EndProject
Project("{2150E333-8FDC-42A3-9474-1A3956D46DE8}") = "05 iIndex", "05 iIndex", "{2704DC6D-E6D9-4317-8C6B-F97C6B68598D}"
EndProject
Project("{2150E333-8FDC-42A3-9474-1A3956D46DE8}") = "Solution Items", "Solution Items", "{9144F0A0-5827-4FED-8575-6F69F2DDBB51}"
	ProjectSection(SolutionItems) = preProject
		commands.json = commands.json
		GlobalAssemblyInfo.cs = GlobalAssemblyInfo.cs
		Local.testsettings = Local.testsettings
		packages.txt = packages.txt
	EndProjectSection
EndProject
Project("{FAE04EC0-301F-11D3-BF4B-00C04F79EFBC}") = "Jurassic.So.Index.Mock", "..\Jurassic.So.GeoTopic.Modules\iIndex\Jurassic.So.Index.Mock\Jurassic.So.Index.Mock.csproj", "{75B1A5D9-F22D-45E1-A13C-D4B0CEEC3704}"
EndProject
Project("{FAE04EC0-301F-11D3-BF4B-00C04F79EFBC}") = "Jurassic.So.Data.Mock", "..\Jurassic.So.GeoTopic.Modules\iData\Jurassic.So.Data.Mock\Jurassic.So.Data.Mock.csproj", "{79BED19B-2241-4177-9882-ADC0B476DE2D}"
EndProject
Project("{FAE04EC0-301F-11D3-BF4B-00C04F79EFBC}") = "Jurassic.So.Data.Entities", "..\Jurassic.So.GeoTopic.Modules\iData\Jurassic.So.Data.Entities\Jurassic.So.Data.Entities.csproj", "{92C758EE-29A9-46A1-A7CD-5A6B5F72F4BB}"
EndProject
Project("{FAE04EC0-301F-11D3-BF4B-00C04F79EFBC}") = "Jurassic.So.SearchMock", "..\Jurassic.So.GeoTopic.Modules\iSearch\Jurassic.So.SearchMock\Jurassic.So.SearchMock.csproj", "{216E17CF-F9C1-4671-B64A-220C5FD269C8}"
EndProject
Project("{FAE04EC0-301F-11D3-BF4B-00C04F79EFBC}") = "Jurassic.So.ETL", "..\..\..\..\..\..\01基础库\02源代码\Jurassic.So.Infrastructure\Jurassic.So.ETL\Jurassic.So.ETL.csproj", "{3E7319B1-06B5-47F9-9397-7F84A719C987}"
EndProject
Project("{2150E333-8FDC-42A3-9474-1A3956D46DE8}") = "06 iSubmission", "06 iSubmission", "{AB2F20F8-A91C-4DC5-B8B2-97FD268EC344}"
EndProject
Project("{FAE04EC0-301F-11D3-BF4B-00C04F79EFBC}") = "Jurassic.UnitTest.Index", "..\..\单元测试\Jurassic.UnitTest.Index\Jurassic.UnitTest.Index.csproj", "{895B3E4A-6A3E-478C-A26D-F9160173499C}"
EndProject
Project("{2150E333-8FDC-42A3-9474-1A3956D46DE8}") = "03 Database", "03 Database", "{48B5BFAC-606A-41E9-AC1A-36B8E2BB382B}"
EndProject
Project("{FAE04EC0-301F-11D3-BF4B-00C04F79EFBC}") = "Jurassic.So.MongoDB", "..\Jurassic.So.GeoTopic.DB\Jurassic.So.MongoDB\Jurassic.So.MongoDB.csproj", "{609AF210-9F0E-4C21-B9DE-89936E06015E}"
EndProject
Project("{FAE04EC0-301F-11D3-BF4B-00C04F79EFBC}") = "Jurassic.UnitTest.Data", "..\..\单元测试\Jurassic.So.UnitTest.Data\Jurassic.UnitTest.Data.csproj", "{1D3C6828-6737-485D-A947-1F0EF1EA61F1}"
EndProject
Project("{FAE04EC0-301F-11D3-BF4B-00C04F79EFBC}") = "Jurassic.So.Search.ES", "..\Jurassic.So.GeoTopic.Modules\iSearch\Jurassic.So.ESSearch\Jurassic.So.Search.ES.csproj", "{BEA84B03-B26E-47C1-9B2C-646DF78BE556}"
EndProject
Project("{FAE04EC0-301F-11D3-BF4B-00C04F79EFBC}") = "Jurassic.So.Search.Mongo", "..\Jurassic.So.GeoTopic.Modules\iSearch\Jurassic.So.MongoSearch\Jurassic.So.Search.Mongo.csproj", "{AB09ABFC-135A-4DD0-BE78-8C479E8FA285}"
EndProject
Project("{FAE04EC0-301F-11D3-BF4B-00C04F79EFBC}") = "Jurassic.So.Data.Center", "..\Jurassic.So.GeoTopic.Modules\iData\Jurassic.So.Data\Jurassic.So.Data.Center.csproj", "{C769FA4F-5CCD-4B8B-A102-64F427B5249C}"
EndProject
Project("{FAE04EC0-301F-11D3-BF4B-00C04F79EFBC}") = "Jurassic.So.Index.Mongo", "..\Jurassic.So.GeoTopic.Modules\iIndex\Jurassic.So.MongoIndex\Jurassic.So.Index.Mongo.csproj", "{849074C1-5470-4B25-BC81-D115541B8213}"
EndProject
Project("{FAE04EC0-301F-11D3-BF4B-00C04F79EFBC}") = "Jurassic.So.Submission.Mock", "..\Jurassic.So.GeoTopic.Modules\iSubmission\Jurassic.So.Submission.Mock\Jurassic.So.Submission.Mock.csproj", "{05F09254-7773-43DD-BD7C-01D85F6503E8}"
EndProject
Project("{2150E333-8FDC-42A3-9474-1A3956D46DE8}") = "02 PKS.Service", "02 PKS.Service", "{1D2377AB-5368-434B-B26E-F069A464BFED}"
EndProject
Project("{FAE04EC0-301F-11D3-BF4B-00C04F79EFBC}") = "Jurassic.PKS.Service", "..\..\..\..\..\..\01基础库\02源代码\Jurassic.PKS.Service\Jurassic.PKS.Service\Jurassic.PKS.Service.csproj", "{6AEA408E-86E0-4D57-AEAF-EDB23F124CF8}"
EndProject
Project("{FAE04EC0-301F-11D3-BF4B-00C04F79EFBC}") = "Jurassic.PKS.WebAPI.Models", "..\..\..\..\..\..\01基础库\02源代码\Jurassic.PKS.Service\Jurassic.PKS.WebAPI\Jurassic.PKS.WebAPI.Models.csproj", "{492BFB88-12AC-4961-A929-F547893DDB7E}"
EndProject
Project("{FAE04EC0-301F-11D3-BF4B-00C04F79EFBC}") = "Jurassic.So.SQLAdapter", "..\Jurassic.So.GeoTopic.Modules\iData\Jurassic.So.SQLAdapter\Jurassic.So.SQLAdapter.csproj", "{685F3F91-19B8-4708-A0DD-7E52220BBDCE}"
EndProject
Project("{FAE04EC0-301F-11D3-BF4B-00C04F79EFBC}") = "Jurassic.UnitTest.Search", "..\..\单元测试\Jurassic.UnitTest.Search\Jurassic.UnitTest.Search.csproj", "{864D7138-BCBF-45F4-8567-9FA68F018E39}"
EndProject
Project("{FAE04EC0-301F-11D3-BF4B-00C04F79EFBC}") = "Jurassic.So.Index.MockMongo", "..\Jurassic.So.GeoTopic.Modules\iIndex\Jurassic.So.Index.MockMongo\Jurassic.So.Index.MockMongo.csproj", "{0C3CAC2C-E20D-408C-9141-EB0C8C9D5D67}"
EndProject
Project("{FAE04EC0-301F-11D3-BF4B-00C04F79EFBC}") = "Jurassic.So.GTAPI.Test", "..\..\单元测试\Jurassic.So.GTAPI.Test\Jurassic.So.GTAPI.Test.csproj", "{ACB509C5-2B26-4229-A8E4-D7E33F0449C0}"
EndProject
Project("{FAE04EC0-301F-11D3-BF4B-00C04F79EFBC}") = "Jurassic.So.SQLAdapter.MockGB", "..\Jurassic.So.GeoTopic.Modules\iData\Jurassic.So.SQLAdapter.MockGB\Jurassic.So.SQLAdapter.MockGB.csproj", "{2555C6EF-2FCB-4491-8495-885CA817CF19}"
EndProject
Project("{2150E333-8FDC-42A3-9474-1A3956D46DE8}") = "08 ISemantics", "08 ISemantics", "{26D0EE95-38F0-4E29-932E-FCCE97CA62E7}"
EndProject
Project("{FAE04EC0-301F-11D3-BF4B-00C04F79EFBC}") = "Jurassic.So.Semantics.Entities", "..\Jurassic.So.GeoTopic.Modules\iSemantics\Jurassic.So.Semantics.Entities\Jurassic.So.Semantics.Entities.csproj", "{F2FC5599-ACCD-42DE-82FA-B8FDF188C174}"
EndProject
Project("{FAE04EC0-301F-11D3-BF4B-00C04F79EFBC}") = "Jurassic.So.Semantics.SQL", "..\Jurassic.So.GeoTopic.Modules\iSemantics\Jurassic.So.Semantics.SQL\Jurassic.So.Semantics.SQL.csproj", "{CB567069-E56B-4405-88D1-B3BE48ADE639}"
EndProject
Project("{FAE04EC0-301F-11D3-BF4B-00C04F79EFBC}") = "PanGu", "..\Jurassic.So.GeoTopic.Modules\iSemantics\PanGu\PanGu.csproj", "{091E1C60-F77B-45A1-844C-86C5F508B57B}"
EndProject
Project("{FAE04EC0-301F-11D3-BF4B-00C04F79EFBC}") = "Jurassic.UnitTest.Semantics", "..\..\单元测试\Jurassic.UnitTest.Semantics\Jurassic.UnitTest.Semantics.csproj", "{0FC39693-C3D2-4080-BD07-4BD5F95CA938}"
EndProject
Project("{FAE04EC0-301F-11D3-BF4B-00C04F79EFBC}") = "Jurassic.UnitTest.Xml", "..\..\单元测试\Jurassic.UnitTest.Xml\Jurassic.UnitTest.Xml.csproj", "{14391D5E-8FD9-4795-B9EE-7BDF4AD1D323}"
EndProject
Project("{FAE04EC0-301F-11D3-BF4B-00C04F79EFBC}") = "Jurassic.UnitTest.Submission", "..\..\单元测试\Jurassic.UnitTest.Submission\Jurassic.UnitTest.Submission.csproj", "{F03654E3-EF00-4863-A954-734D95EA9487}"
EndProject
Global
	GlobalSection(SolutionConfigurationPlatforms) = preSolution
		Debug|Any CPU = Debug|Any CPU
		Release|Any CPU = Release|Any CPU
		Test|Any CPU = Test|Any CPU
	EndGlobalSection
	GlobalSection(ProjectConfigurationPlatforms) = postSolution
		{4E335A80-A7A5-494C-91E0-4EA0105B0672}.Debug|Any CPU.ActiveCfg = Debug|Any CPU
		{4E335A80-A7A5-494C-91E0-4EA0105B0672}.Debug|Any CPU.Build.0 = Debug|Any CPU
		{4E335A80-A7A5-494C-91E0-4EA0105B0672}.Release|Any CPU.ActiveCfg = Release|Any CPU
		{4E335A80-A7A5-494C-91E0-4EA0105B0672}.Release|Any CPU.Build.0 = Release|Any CPU
		{4E335A80-A7A5-494C-91E0-4EA0105B0672}.Test|Any CPU.ActiveCfg = Release|Any CPU
		{4E335A80-A7A5-494C-91E0-4EA0105B0672}.Test|Any CPU.Build.0 = Release|Any CPU
		{7EEDA4A1-B947-4571-9A75-BDA7F4DC88A8}.Debug|Any CPU.ActiveCfg = Debug|Any CPU
		{7EEDA4A1-B947-4571-9A75-BDA7F4DC88A8}.Debug|Any CPU.Build.0 = Debug|Any CPU
		{7EEDA4A1-B947-4571-9A75-BDA7F4DC88A8}.Release|Any CPU.ActiveCfg = Release|Any CPU
		{7EEDA4A1-B947-4571-9A75-BDA7F4DC88A8}.Release|Any CPU.Build.0 = Release|Any CPU
		{7EEDA4A1-B947-4571-9A75-BDA7F4DC88A8}.Test|Any CPU.ActiveCfg = Release|Any CPU
		{7EEDA4A1-B947-4571-9A75-BDA7F4DC88A8}.Test|Any CPU.Build.0 = Release|Any CPU
		{75B1A5D9-F22D-45E1-A13C-D4B0CEEC3704}.Debug|Any CPU.ActiveCfg = Debug|Any CPU
		{75B1A5D9-F22D-45E1-A13C-D4B0CEEC3704}.Debug|Any CPU.Build.0 = Debug|Any CPU
		{75B1A5D9-F22D-45E1-A13C-D4B0CEEC3704}.Release|Any CPU.ActiveCfg = Release|Any CPU
		{75B1A5D9-F22D-45E1-A13C-D4B0CEEC3704}.Release|Any CPU.Build.0 = Release|Any CPU
		{75B1A5D9-F22D-45E1-A13C-D4B0CEEC3704}.Test|Any CPU.ActiveCfg = Release|Any CPU
		{75B1A5D9-F22D-45E1-A13C-D4B0CEEC3704}.Test|Any CPU.Build.0 = Release|Any CPU
		{79BED19B-2241-4177-9882-ADC0B476DE2D}.Debug|Any CPU.ActiveCfg = Debug|Any CPU
		{79BED19B-2241-4177-9882-ADC0B476DE2D}.Debug|Any CPU.Build.0 = Debug|Any CPU
		{79BED19B-2241-4177-9882-ADC0B476DE2D}.Release|Any CPU.ActiveCfg = Release|Any CPU
		{79BED19B-2241-4177-9882-ADC0B476DE2D}.Release|Any CPU.Build.0 = Release|Any CPU
		{79BED19B-2241-4177-9882-ADC0B476DE2D}.Test|Any CPU.ActiveCfg = Release|Any CPU
		{79BED19B-2241-4177-9882-ADC0B476DE2D}.Test|Any CPU.Build.0 = Release|Any CPU
		{92C758EE-29A9-46A1-A7CD-5A6B5F72F4BB}.Debug|Any CPU.ActiveCfg = Debug|Any CPU
		{92C758EE-29A9-46A1-A7CD-5A6B5F72F4BB}.Debug|Any CPU.Build.0 = Debug|Any CPU
		{92C758EE-29A9-46A1-A7CD-5A6B5F72F4BB}.Release|Any CPU.ActiveCfg = Release|Any CPU
		{92C758EE-29A9-46A1-A7CD-5A6B5F72F4BB}.Release|Any CPU.Build.0 = Release|Any CPU
		{92C758EE-29A9-46A1-A7CD-5A6B5F72F4BB}.Test|Any CPU.ActiveCfg = Release|Any CPU
		{92C758EE-29A9-46A1-A7CD-5A6B5F72F4BB}.Test|Any CPU.Build.0 = Release|Any CPU
		{216E17CF-F9C1-4671-B64A-220C5FD269C8}.Debug|Any CPU.ActiveCfg = Debug|Any CPU
		{216E17CF-F9C1-4671-B64A-220C5FD269C8}.Debug|Any CPU.Build.0 = Debug|Any CPU
		{216E17CF-F9C1-4671-B64A-220C5FD269C8}.Release|Any CPU.ActiveCfg = Release|Any CPU
		{216E17CF-F9C1-4671-B64A-220C5FD269C8}.Release|Any CPU.Build.0 = Release|Any CPU
		{216E17CF-F9C1-4671-B64A-220C5FD269C8}.Test|Any CPU.ActiveCfg = Release|Any CPU
		{216E17CF-F9C1-4671-B64A-220C5FD269C8}.Test|Any CPU.Build.0 = Release|Any CPU
		{3E7319B1-06B5-47F9-9397-7F84A719C987}.Debug|Any CPU.ActiveCfg = Debug|Any CPU
		{3E7319B1-06B5-47F9-9397-7F84A719C987}.Debug|Any CPU.Build.0 = Debug|Any CPU
		{3E7319B1-06B5-47F9-9397-7F84A719C987}.Release|Any CPU.ActiveCfg = Release|Any CPU
		{3E7319B1-06B5-47F9-9397-7F84A719C987}.Release|Any CPU.Build.0 = Release|Any CPU
		{3E7319B1-06B5-47F9-9397-7F84A719C987}.Test|Any CPU.ActiveCfg = Release|Any CPU
		{3E7319B1-06B5-47F9-9397-7F84A719C987}.Test|Any CPU.Build.0 = Release|Any CPU
		{895B3E4A-6A3E-478C-A26D-F9160173499C}.Debug|Any CPU.ActiveCfg = Debug|Any CPU
		{895B3E4A-6A3E-478C-A26D-F9160173499C}.Debug|Any CPU.Build.0 = Debug|Any CPU
		{895B3E4A-6A3E-478C-A26D-F9160173499C}.Release|Any CPU.ActiveCfg = Release|Any CPU
		{895B3E4A-6A3E-478C-A26D-F9160173499C}.Release|Any CPU.Build.0 = Release|Any CPU
		{895B3E4A-6A3E-478C-A26D-F9160173499C}.Test|Any CPU.ActiveCfg = Release|Any CPU
		{895B3E4A-6A3E-478C-A26D-F9160173499C}.Test|Any CPU.Build.0 = Release|Any CPU
		{609AF210-9F0E-4C21-B9DE-89936E06015E}.Debug|Any CPU.ActiveCfg = Debug|Any CPU
		{609AF210-9F0E-4C21-B9DE-89936E06015E}.Debug|Any CPU.Build.0 = Debug|Any CPU
		{609AF210-9F0E-4C21-B9DE-89936E06015E}.Release|Any CPU.ActiveCfg = Release|Any CPU
		{609AF210-9F0E-4C21-B9DE-89936E06015E}.Release|Any CPU.Build.0 = Release|Any CPU
		{609AF210-9F0E-4C21-B9DE-89936E06015E}.Test|Any CPU.ActiveCfg = Release|Any CPU
		{609AF210-9F0E-4C21-B9DE-89936E06015E}.Test|Any CPU.Build.0 = Release|Any CPU
		{1D3C6828-6737-485D-A947-1F0EF1EA61F1}.Debug|Any CPU.ActiveCfg = Debug|Any CPU
		{1D3C6828-6737-485D-A947-1F0EF1EA61F1}.Debug|Any CPU.Build.0 = Debug|Any CPU
		{1D3C6828-6737-485D-A947-1F0EF1EA61F1}.Release|Any CPU.ActiveCfg = Release|Any CPU
		{1D3C6828-6737-485D-A947-1F0EF1EA61F1}.Release|Any CPU.Build.0 = Release|Any CPU
		{1D3C6828-6737-485D-A947-1F0EF1EA61F1}.Test|Any CPU.ActiveCfg = Release|Any CPU
		{1D3C6828-6737-485D-A947-1F0EF1EA61F1}.Test|Any CPU.Build.0 = Release|Any CPU
		{BEA84B03-B26E-47C1-9B2C-646DF78BE556}.Debug|Any CPU.ActiveCfg = Debug|Any CPU
		{BEA84B03-B26E-47C1-9B2C-646DF78BE556}.Debug|Any CPU.Build.0 = Debug|Any CPU
		{BEA84B03-B26E-47C1-9B2C-646DF78BE556}.Release|Any CPU.ActiveCfg = Release|Any CPU
		{BEA84B03-B26E-47C1-9B2C-646DF78BE556}.Release|Any CPU.Build.0 = Release|Any CPU
		{BEA84B03-B26E-47C1-9B2C-646DF78BE556}.Test|Any CPU.ActiveCfg = Release|Any CPU
		{BEA84B03-B26E-47C1-9B2C-646DF78BE556}.Test|Any CPU.Build.0 = Release|Any CPU
		{AB09ABFC-135A-4DD0-BE78-8C479E8FA285}.Debug|Any CPU.ActiveCfg = Debug|Any CPU
		{AB09ABFC-135A-4DD0-BE78-8C479E8FA285}.Debug|Any CPU.Build.0 = Debug|Any CPU
		{AB09ABFC-135A-4DD0-BE78-8C479E8FA285}.Release|Any CPU.ActiveCfg = Release|Any CPU
		{AB09ABFC-135A-4DD0-BE78-8C479E8FA285}.Release|Any CPU.Build.0 = Release|Any CPU
		{AB09ABFC-135A-4DD0-BE78-8C479E8FA285}.Test|Any CPU.ActiveCfg = Release|Any CPU
		{AB09ABFC-135A-4DD0-BE78-8C479E8FA285}.Test|Any CPU.Build.0 = Release|Any CPU
		{C769FA4F-5CCD-4B8B-A102-64F427B5249C}.Debug|Any CPU.ActiveCfg = Debug|Any CPU
		{C769FA4F-5CCD-4B8B-A102-64F427B5249C}.Debug|Any CPU.Build.0 = Debug|Any CPU
		{C769FA4F-5CCD-4B8B-A102-64F427B5249C}.Release|Any CPU.ActiveCfg = Release|Any CPU
		{C769FA4F-5CCD-4B8B-A102-64F427B5249C}.Release|Any CPU.Build.0 = Release|Any CPU
		{C769FA4F-5CCD-4B8B-A102-64F427B5249C}.Test|Any CPU.ActiveCfg = Release|Any CPU
		{C769FA4F-5CCD-4B8B-A102-64F427B5249C}.Test|Any CPU.Build.0 = Release|Any CPU
		{849074C1-5470-4B25-BC81-D115541B8213}.Debug|Any CPU.ActiveCfg = Debug|Any CPU
		{849074C1-5470-4B25-BC81-D115541B8213}.Debug|Any CPU.Build.0 = Debug|Any CPU
		{849074C1-5470-4B25-BC81-D115541B8213}.Release|Any CPU.ActiveCfg = Release|Any CPU
		{849074C1-5470-4B25-BC81-D115541B8213}.Release|Any CPU.Build.0 = Release|Any CPU
		{849074C1-5470-4B25-BC81-D115541B8213}.Test|Any CPU.ActiveCfg = Release|Any CPU
		{849074C1-5470-4B25-BC81-D115541B8213}.Test|Any CPU.Build.0 = Release|Any CPU
		{05F09254-7773-43DD-BD7C-01D85F6503E8}.Debug|Any CPU.ActiveCfg = Debug|Any CPU
		{05F09254-7773-43DD-BD7C-01D85F6503E8}.Debug|Any CPU.Build.0 = Debug|Any CPU
		{05F09254-7773-43DD-BD7C-01D85F6503E8}.Release|Any CPU.ActiveCfg = Release|Any CPU
		{05F09254-7773-43DD-BD7C-01D85F6503E8}.Release|Any CPU.Build.0 = Release|Any CPU
		{05F09254-7773-43DD-BD7C-01D85F6503E8}.Test|Any CPU.ActiveCfg = Release|Any CPU
		{05F09254-7773-43DD-BD7C-01D85F6503E8}.Test|Any CPU.Build.0 = Release|Any CPU
		{6AEA408E-86E0-4D57-AEAF-EDB23F124CF8}.Debug|Any CPU.ActiveCfg = Debug|Any CPU
		{6AEA408E-86E0-4D57-AEAF-EDB23F124CF8}.Debug|Any CPU.Build.0 = Debug|Any CPU
		{6AEA408E-86E0-4D57-AEAF-EDB23F124CF8}.Release|Any CPU.ActiveCfg = Release|Any CPU
		{6AEA408E-86E0-4D57-AEAF-EDB23F124CF8}.Release|Any CPU.Build.0 = Release|Any CPU
		{6AEA408E-86E0-4D57-AEAF-EDB23F124CF8}.Test|Any CPU.ActiveCfg = Release|Any CPU
		{6AEA408E-86E0-4D57-AEAF-EDB23F124CF8}.Test|Any CPU.Build.0 = Release|Any CPU
		{492BFB88-12AC-4961-A929-F547893DDB7E}.Debug|Any CPU.ActiveCfg = Debug|Any CPU
		{492BFB88-12AC-4961-A929-F547893DDB7E}.Debug|Any CPU.Build.0 = Debug|Any CPU
		{492BFB88-12AC-4961-A929-F547893DDB7E}.Release|Any CPU.ActiveCfg = Release|Any CPU
		{492BFB88-12AC-4961-A929-F547893DDB7E}.Release|Any CPU.Build.0 = Release|Any CPU
		{492BFB88-12AC-4961-A929-F547893DDB7E}.Test|Any CPU.ActiveCfg = Release|Any CPU
		{492BFB88-12AC-4961-A929-F547893DDB7E}.Test|Any CPU.Build.0 = Release|Any CPU
		{685F3F91-19B8-4708-A0DD-7E52220BBDCE}.Debug|Any CPU.ActiveCfg = Debug|Any CPU
		{685F3F91-19B8-4708-A0DD-7E52220BBDCE}.Debug|Any CPU.Build.0 = Debug|Any CPU
		{685F3F91-19B8-4708-A0DD-7E52220BBDCE}.Release|Any CPU.ActiveCfg = Release|Any CPU
		{685F3F91-19B8-4708-A0DD-7E52220BBDCE}.Release|Any CPU.Build.0 = Release|Any CPU
		{685F3F91-19B8-4708-A0DD-7E52220BBDCE}.Test|Any CPU.ActiveCfg = Release|Any CPU
		{685F3F91-19B8-4708-A0DD-7E52220BBDCE}.Test|Any CPU.Build.0 = Release|Any CPU
		{864D7138-BCBF-45F4-8567-9FA68F018E39}.Debug|Any CPU.ActiveCfg = Debug|Any CPU
		{864D7138-BCBF-45F4-8567-9FA68F018E39}.Debug|Any CPU.Build.0 = Debug|Any CPU
		{864D7138-BCBF-45F4-8567-9FA68F018E39}.Release|Any CPU.ActiveCfg = Release|Any CPU
		{864D7138-BCBF-45F4-8567-9FA68F018E39}.Release|Any CPU.Build.0 = Release|Any CPU
		{864D7138-BCBF-45F4-8567-9FA68F018E39}.Test|Any CPU.ActiveCfg = Release|Any CPU
		{864D7138-BCBF-45F4-8567-9FA68F018E39}.Test|Any CPU.Build.0 = Release|Any CPU
		{0C3CAC2C-E20D-408C-9141-EB0C8C9D5D67}.Debug|Any CPU.ActiveCfg = Debug|Any CPU
		{0C3CAC2C-E20D-408C-9141-EB0C8C9D5D67}.Debug|Any CPU.Build.0 = Debug|Any CPU
		{0C3CAC2C-E20D-408C-9141-EB0C8C9D5D67}.Release|Any CPU.ActiveCfg = Release|Any CPU
		{0C3CAC2C-E20D-408C-9141-EB0C8C9D5D67}.Release|Any CPU.Build.0 = Release|Any CPU
		{0C3CAC2C-E20D-408C-9141-EB0C8C9D5D67}.Test|Any CPU.ActiveCfg = Release|Any CPU
		{0C3CAC2C-E20D-408C-9141-EB0C8C9D5D67}.Test|Any CPU.Build.0 = Release|Any CPU
		{ACB509C5-2B26-4229-A8E4-D7E33F0449C0}.Debug|Any CPU.ActiveCfg = Debug|Any CPU
		{ACB509C5-2B26-4229-A8E4-D7E33F0449C0}.Debug|Any CPU.Build.0 = Debug|Any CPU
		{ACB509C5-2B26-4229-A8E4-D7E33F0449C0}.Release|Any CPU.ActiveCfg = Release|Any CPU
		{ACB509C5-2B26-4229-A8E4-D7E33F0449C0}.Release|Any CPU.Build.0 = Release|Any CPU
		{ACB509C5-2B26-4229-A8E4-D7E33F0449C0}.Test|Any CPU.ActiveCfg = Release|Any CPU
		{ACB509C5-2B26-4229-A8E4-D7E33F0449C0}.Test|Any CPU.Build.0 = Release|Any CPU
		{2555C6EF-2FCB-4491-8495-885CA817CF19}.Debug|Any CPU.ActiveCfg = Debug|Any CPU
		{2555C6EF-2FCB-4491-8495-885CA817CF19}.Debug|Any CPU.Build.0 = Debug|Any CPU
		{2555C6EF-2FCB-4491-8495-885CA817CF19}.Release|Any CPU.ActiveCfg = Release|Any CPU
		{2555C6EF-2FCB-4491-8495-885CA817CF19}.Release|Any CPU.Build.0 = Release|Any CPU
		{2555C6EF-2FCB-4491-8495-885CA817CF19}.Test|Any CPU.ActiveCfg = Release|Any CPU
		{2555C6EF-2FCB-4491-8495-885CA817CF19}.Test|Any CPU.Build.0 = Release|Any CPU
		{F2FC5599-ACCD-42DE-82FA-B8FDF188C174}.Debug|Any CPU.ActiveCfg = Debug|Any CPU
		{F2FC5599-ACCD-42DE-82FA-B8FDF188C174}.Debug|Any CPU.Build.0 = Debug|Any CPU
		{F2FC5599-ACCD-42DE-82FA-B8FDF188C174}.Release|Any CPU.ActiveCfg = Release|Any CPU
		{F2FC5599-ACCD-42DE-82FA-B8FDF188C174}.Release|Any CPU.Build.0 = Release|Any CPU
		{F2FC5599-ACCD-42DE-82FA-B8FDF188C174}.Test|Any CPU.ActiveCfg = Release|Any CPU
		{F2FC5599-ACCD-42DE-82FA-B8FDF188C174}.Test|Any CPU.Build.0 = Release|Any CPU
		{CB567069-E56B-4405-88D1-B3BE48ADE639}.Debug|Any CPU.ActiveCfg = Debug|Any CPU
		{CB567069-E56B-4405-88D1-B3BE48ADE639}.Debug|Any CPU.Build.0 = Debug|Any CPU
		{CB567069-E56B-4405-88D1-B3BE48ADE639}.Release|Any CPU.ActiveCfg = Release|Any CPU
		{CB567069-E56B-4405-88D1-B3BE48ADE639}.Release|Any CPU.Build.0 = Release|Any CPU
		{CB567069-E56B-4405-88D1-B3BE48ADE639}.Test|Any CPU.ActiveCfg = Release|Any CPU
		{CB567069-E56B-4405-88D1-B3BE48ADE639}.Test|Any CPU.Build.0 = Release|Any CPU
		{091E1C60-F77B-45A1-844C-86C5F508B57B}.Debug|Any CPU.ActiveCfg = Debug|Any CPU
		{091E1C60-F77B-45A1-844C-86C5F508B57B}.Debug|Any CPU.Build.0 = Debug|Any CPU
		{091E1C60-F77B-45A1-844C-86C5F508B57B}.Release|Any CPU.ActiveCfg = Release|Any CPU
		{091E1C60-F77B-45A1-844C-86C5F508B57B}.Release|Any CPU.Build.0 = Release|Any CPU
		{091E1C60-F77B-45A1-844C-86C5F508B57B}.Test|Any CPU.ActiveCfg = Release|Any CPU
		{091E1C60-F77B-45A1-844C-86C5F508B57B}.Test|Any CPU.Build.0 = Release|Any CPU
		{0FC39693-C3D2-4080-BD07-4BD5F95CA938}.Debug|Any CPU.ActiveCfg = Debug|Any CPU
		{0FC39693-C3D2-4080-BD07-4BD5F95CA938}.Debug|Any CPU.Build.0 = Debug|Any CPU
		{0FC39693-C3D2-4080-BD07-4BD5F95CA938}.Release|Any CPU.ActiveCfg = Release|Any CPU
		{0FC39693-C3D2-4080-BD07-4BD5F95CA938}.Release|Any CPU.Build.0 = Release|Any CPU
		{0FC39693-C3D2-4080-BD07-4BD5F95CA938}.Test|Any CPU.ActiveCfg = Release|Any CPU
		{0FC39693-C3D2-4080-BD07-4BD5F95CA938}.Test|Any CPU.Build.0 = Release|Any CPU
		{14391D5E-8FD9-4795-B9EE-7BDF4AD1D323}.Debug|Any CPU.ActiveCfg = Debug|Any CPU
		{14391D5E-8FD9-4795-B9EE-7BDF4AD1D323}.Debug|Any CPU.Build.0 = Debug|Any CPU
		{14391D5E-8FD9-4795-B9EE-7BDF4AD1D323}.Release|Any CPU.ActiveCfg = Release|Any CPU
		{14391D5E-8FD9-4795-B9EE-7BDF4AD1D323}.Release|Any CPU.Build.0 = Release|Any CPU
		{14391D5E-8FD9-4795-B9EE-7BDF4AD1D323}.Test|Any CPU.ActiveCfg = Release|Any CPU
		{14391D5E-8FD9-4795-B9EE-7BDF4AD1D323}.Test|Any CPU.Build.0 = Release|Any CPU
		{F03654E3-EF00-4863-A954-734D95EA9487}.Debug|Any CPU.ActiveCfg = Debug|Any CPU
		{F03654E3-EF00-4863-A954-734D95EA9487}.Debug|Any CPU.Build.0 = Debug|Any CPU
		{F03654E3-EF00-4863-A954-734D95EA9487}.Release|Any CPU.ActiveCfg = Release|Any CPU
		{F03654E3-EF00-4863-A954-734D95EA9487}.Release|Any CPU.Build.0 = Release|Any CPU
		{F03654E3-EF00-4863-A954-734D95EA9487}.Test|Any CPU.ActiveCfg = Release|Any CPU
		{F03654E3-EF00-4863-A954-734D95EA9487}.Test|Any CPU.Build.0 = Release|Any CPU
	EndGlobalSection
	GlobalSection(SolutionProperties) = preSolution
		HideSolutionNode = FALSE
	EndGlobalSection
	GlobalSection(NestedProjects) = preSolution
		{7EEDA4A1-B947-4571-9A75-BDA7F4DC88A8} = {BC87F99D-2AA0-478F-A11B-873FB7B84AB7}
		{75B1A5D9-F22D-45E1-A13C-D4B0CEEC3704} = {2704DC6D-E6D9-4317-8C6B-F97C6B68598D}
		{79BED19B-2241-4177-9882-ADC0B476DE2D} = {DEA85438-EE7D-4ECB-BBD9-A82279A16828}
		{92C758EE-29A9-46A1-A7CD-5A6B5F72F4BB} = {DEA85438-EE7D-4ECB-BBD9-A82279A16828}
		{216E17CF-F9C1-4671-B64A-220C5FD269C8} = {EFE4E8EB-6BA6-4147-A9CB-A5931E909600}
		{3E7319B1-06B5-47F9-9397-7F84A719C987} = {BC87F99D-2AA0-478F-A11B-873FB7B84AB7}
		{895B3E4A-6A3E-478C-A26D-F9160173499C} = {53BF2A60-CC6C-4A75-BA8A-8B930591912E}
		{609AF210-9F0E-4C21-B9DE-89936E06015E} = {48B5BFAC-606A-41E9-AC1A-36B8E2BB382B}
		{1D3C6828-6737-485D-A947-1F0EF1EA61F1} = {53BF2A60-CC6C-4A75-BA8A-8B930591912E}
		{BEA84B03-B26E-47C1-9B2C-646DF78BE556} = {EFE4E8EB-6BA6-4147-A9CB-A5931E909600}
		{AB09ABFC-135A-4DD0-BE78-8C479E8FA285} = {EFE4E8EB-6BA6-4147-A9CB-A5931E909600}
		{C769FA4F-5CCD-4B8B-A102-64F427B5249C} = {DEA85438-EE7D-4ECB-BBD9-A82279A16828}
		{849074C1-5470-4B25-BC81-D115541B8213} = {2704DC6D-E6D9-4317-8C6B-F97C6B68598D}
		{05F09254-7773-43DD-BD7C-01D85F6503E8} = {AB2F20F8-A91C-4DC5-B8B2-97FD268EC344}
		{6AEA408E-86E0-4D57-AEAF-EDB23F124CF8} = {1D2377AB-5368-434B-B26E-F069A464BFED}
		{492BFB88-12AC-4961-A929-F547893DDB7E} = {1D2377AB-5368-434B-B26E-F069A464BFED}
		{685F3F91-19B8-4708-A0DD-7E52220BBDCE} = {DEA85438-EE7D-4ECB-BBD9-A82279A16828}
		{864D7138-BCBF-45F4-8567-9FA68F018E39} = {53BF2A60-CC6C-4A75-BA8A-8B930591912E}
		{0C3CAC2C-E20D-408C-9141-EB0C8C9D5D67} = {2704DC6D-E6D9-4317-8C6B-F97C6B68598D}
		{ACB509C5-2B26-4229-A8E4-D7E33F0449C0} = {53BF2A60-CC6C-4A75-BA8A-8B930591912E}
		{2555C6EF-2FCB-4491-8495-885CA817CF19} = {DEA85438-EE7D-4ECB-BBD9-A82279A16828}
		{F2FC5599-ACCD-42DE-82FA-B8FDF188C174} = {26D0EE95-38F0-4E29-932E-FCCE97CA62E7}
		{CB567069-E56B-4405-88D1-B3BE48ADE639} = {26D0EE95-38F0-4E29-932E-FCCE97CA62E7}
		{091E1C60-F77B-45A1-844C-86C5F508B57B} = {26D0EE95-38F0-4E29-932E-FCCE97CA62E7}
		{0FC39693-C3D2-4080-BD07-4BD5F95CA938} = {53BF2A60-CC6C-4A75-BA8A-8B930591912E}
		{14391D5E-8FD9-4795-B9EE-7BDF4AD1D323} = {53BF2A60-CC6C-4A75-BA8A-8B930591912E}
		{F03654E3-EF00-4863-A954-734D95EA9487} = {53BF2A60-CC6C-4A75-BA8A-8B930591912E}
	EndGlobalSection
EndGlobal
